
Microsoft Visual Studio Solution File, Format Version 12.00
# Visual Studio Version 17
VisualStudioVersion = 17.5.002.0
MinimumVisualStudioVersion = 10.0.40219.1
Project("{9A19103F-16F7-4668-BE54-9A1E7A4F7556}") = "exxample007", "exxample007.csproj", "{1C0870FD-F37B-4D22-A63A-5CD55C753F12}"
EndProject
Global
	GlobalSection(SolutionConfigurationPlatforms) = preSolution
		Debug|Any CPU = Debug|Any CPU
		Release|Any CPU = Release|Any CPU
	EndGlobalSection
	GlobalSection(ProjectConfigurationPlatforms) = postSolution
		{1C0870FD-F37B-4D22-A63A-5CD55C753F12}.Debug|Any CPU.ActiveCfg = Debug|Any CPU
		{1C0870FD-F37B-4D22-A63A-5CD55C753F12}.Debug|Any CPU.Build.0 = Debug|Any CPU
		{1C0870FD-F37B-4D22-A63A-5CD55C753F12}.Release|Any CPU.ActiveCfg = Release|Any CPU
		{1C0870FD-F37B-4D22-A63A-5CD55C753F12}.Release|Any CPU.Build.0 = Release|Any CPU
	EndGlobalSection
	GlobalSection(SolutionProperties) = preSolution
		HideSolutionNode = FALSE
	EndGlobalSection
	GlobalSection(ExtensibilityGlobals) = postSolution
		SolutionGuid = {52ED2735-6DA6-497F-9211-69FE6A0C82D8}
	EndGlobalSection
EndGlobal
